// !$*UTF8*$!
{
	archiveVersion = 1;
	classes = {
	};
	objectVersion = 55;
	objects = {

/* Begin PBXBuildFile section */
		4DE6709828E484CF0048B96D /* SideIconTitleAndDescriptionView.swift in Sources */ = {isa = PBXBuildFile; fileRef = 4DE6709728E484CE0048B96D /* SideIconTitleAndDescriptionView.swift */; };
		4DE6709A28E48AAB0048B96D /* UIStackViewExtension.swift in Sources */ = {isa = PBXBuildFile; fileRef = 4DE6709928E48AAA0048B96D /* UIStackViewExtension.swift */; };
		4DE6709C28E48F040048B96D /* UILabelExtension.swift in Sources */ = {isa = PBXBuildFile; fileRef = 4DE6709B28E48F040048B96D /* UILabelExtension.swift */; };
		B76EC3E52819EC0B0042C8C9 /* TemplateView.swift in Sources */ = {isa = PBXBuildFile; fileRef = B76EC3E42819EC0B0042C8C9 /* TemplateView.swift */; };
		B76EC3E72819F0B50042C8C9 /* ViewControllerPreview.swift in Sources */ = {isa = PBXBuildFile; fileRef = B76EC3E62819F0B50042C8C9 /* ViewControllerPreview.swift */; };
		B76EC3E92819F5540042C8C9 /* ViewPreview.swift in Sources */ = {isa = PBXBuildFile; fileRef = B76EC3E82819F5540042C8C9 /* ViewPreview.swift */; };
		B7CEE4B92819D1A800C652BD /* AppDelegate.swift in Sources */ = {isa = PBXBuildFile; fileRef = B7CEE4B82819D1A800C652BD /* AppDelegate.swift */; };
		B7CEE4BB2819D1A800C652BD /* SceneDelegate.swift in Sources */ = {isa = PBXBuildFile; fileRef = B7CEE4BA2819D1A800C652BD /* SceneDelegate.swift */; };
		B7CEE4BD2819D1A800C652BD /* ViewController.swift in Sources */ = {isa = PBXBuildFile; fileRef = B7CEE4BC2819D1A800C652BD /* ViewController.swift */; };
		B7CEE4C02819D1A800C652BD /* Main.storyboard in Resources */ = {isa = PBXBuildFile; fileRef = B7CEE4BE2819D1A800C652BD /* Main.storyboard */; };
		B7CEE4C22819D1AB00C652BD /* Assets.xcassets in Resources */ = {isa = PBXBuildFile; fileRef = B7CEE4C12819D1AB00C652BD /* Assets.xcassets */; };
		B7CEE4C52819D1AB00C652BD /* LaunchScreen.storyboard in Resources */ = {isa = PBXBuildFile; fileRef = B7CEE4C32819D1AB00C652BD /* LaunchScreen.storyboard */; };
/* End PBXBuildFile section */

/* Begin PBXFileReference section */
		4DE6709728E484CE0048B96D /* SideIconTitleAndDescriptionView.swift */ = {isa = PBXFileReference; lastKnownFileType = sourcecode.swift; path = SideIconTitleAndDescriptionView.swift; sourceTree = "<group>"; };
		4DE6709928E48AAA0048B96D /* UIStackViewExtension.swift */ = {isa = PBXFileReference; lastKnownFileType = sourcecode.swift; path = UIStackViewExtension.swift; sourceTree = "<group>"; };
		4DE6709B28E48F040048B96D /* UILabelExtension.swift */ = {isa = PBXFileReference; lastKnownFileType = sourcecode.swift; path = UILabelExtension.swift; sourceTree = "<group>"; };
		B76EC3E42819EC0B0042C8C9 /* TemplateView.swift */ = {isa = PBXFileReference; lastKnownFileType = sourcecode.swift; path = TemplateView.swift; sourceTree = "<group>"; };
		B76EC3E62819F0B50042C8C9 /* ViewControllerPreview.swift */ = {isa = PBXFileReference; lastKnownFileType = sourcecode.swift; path = ViewControllerPreview.swift; sourceTree = "<group>"; };
		B76EC3E82819F5540042C8C9 /* ViewPreview.swift */ = {isa = PBXFileReference; lastKnownFileType = sourcecode.swift; path = ViewPreview.swift; sourceTree = "<group>"; };
		B7CEE4B52819D1A800C652BD /* viewFactory.app */ = {isa = PBXFileReference; explicitFileType = wrapper.application; includeInIndex = 0; path = viewFactory.app; sourceTree = BUILT_PRODUCTS_DIR; };
		B7CEE4B82819D1A800C652BD /* AppDelegate.swift */ = {isa = PBXFileReference; lastKnownFileType = sourcecode.swift; path = AppDelegate.swift; sourceTree = "<group>"; };
		B7CEE4BA2819D1A800C652BD /* SceneDelegate.swift */ = {isa = PBXFileReference; lastKnownFileType = sourcecode.swift; path = SceneDelegate.swift; sourceTree = "<group>"; };
		B7CEE4BC2819D1A800C652BD /* ViewController.swift */ = {isa = PBXFileReference; lastKnownFileType = sourcecode.swift; path = ViewController.swift; sourceTree = "<group>"; };
		B7CEE4BF2819D1A800C652BD /* Base */ = {isa = PBXFileReference; lastKnownFileType = file.storyboard; name = Base; path = Base.lproj/Main.storyboard; sourceTree = "<group>"; };
		B7CEE4C12819D1AB00C652BD /* Assets.xcassets */ = {isa = PBXFileReference; lastKnownFileType = folder.assetcatalog; path = Assets.xcassets; sourceTree = "<group>"; };
		B7CEE4C42819D1AB00C652BD /* Base */ = {isa = PBXFileReference; lastKnownFileType = file.storyboard; name = Base; path = Base.lproj/LaunchScreen.storyboard; sourceTree = "<group>"; };
		B7CEE4C62819D1AB00C652BD /* Info.plist */ = {isa = PBXFileReference; lastKnownFileType = text.plist.xml; path = Info.plist; sourceTree = "<group>"; };
/* End PBXFileReference section */

/* Begin PBXFrameworksBuildPhase section */
		B7CEE4B22819D1A800C652BD /* Frameworks */ = {
			isa = PBXFrameworksBuildPhase;
			buildActionMask = 2147483647;
			files = (
			);
			runOnlyForDeploymentPostprocessing = 0;
		};
/* End PBXFrameworksBuildPhase section */

/* Begin PBXGroup section */
		B76EC3EA2819F5DF0042C8C9 /* SwiftUI */ = {
			isa = PBXGroup;
			children = (
				B76EC3EB2819F5FF0042C8C9 /* Preview */,
			);
			path = SwiftUI;
			sourceTree = "<group>";
		};
		B76EC3EB2819F5FF0042C8C9 /* Preview */ = {
			isa = PBXGroup;
			children = (
				B76EC3E62819F0B50042C8C9 /* ViewControllerPreview.swift */,
				B76EC3E82819F5540042C8C9 /* ViewPreview.swift */,
			);
			path = Preview;
			sourceTree = "<group>";
		};
		B7CEE4AC2819D1A800C652BD = {
			isa = PBXGroup;
			children = (
				B7CEE4B72819D1A800C652BD /* viewFactory */,
				B7CEE4B62819D1A800C652BD /* Products */,
			);
			sourceTree = "<group>";
		};
		B7CEE4B62819D1A800C652BD /* Products */ = {
			isa = PBXGroup;
			children = (
				B7CEE4B52819D1A800C652BD /* viewFactory.app */,
			);
			name = Products;
			sourceTree = "<group>";
		};
		B7CEE4B72819D1A800C652BD /* viewFactory */ = {
			isa = PBXGroup;
			children = (
				4DE6709928E48AAA0048B96D /* UIStackViewExtension.swift */,
				4DE6709B28E48F040048B96D /* UILabelExtension.swift */,
				B7CEE4B82819D1A800C652BD /* AppDelegate.swift */,
				B7CEE4BA2819D1A800C652BD /* SceneDelegate.swift */,
				B7CEE4BC2819D1A800C652BD /* ViewController.swift */,
				B76EC3E42819EC0B0042C8C9 /* TemplateView.swift */,
				4DE6709728E484CE0048B96D /* SideIconTitleAndDescriptionView.swift */,
				B76EC3EA2819F5DF0042C8C9 /* SwiftUI */,
				B7CEE4BE2819D1A800C652BD /* Main.storyboard */,
				B7CEE4C12819D1AB00C652BD /* Assets.xcassets */,
				B7CEE4C32819D1AB00C652BD /* LaunchScreen.storyboard */,
				B7CEE4C62819D1AB00C652BD /* Info.plist */,
			);
			path = viewFactory;
			sourceTree = "<group>";
		};
/* End PBXGroup section */

/* Begin PBXNativeTarget section */
		B7CEE4B42819D1A800C652BD /* viewFactory */ = {
			isa = PBXNativeTarget;
			buildConfigurationList = B7CEE4C92819D1AB00C652BD /* Build configuration list for PBXNativeTarget "viewFactory" */;
			buildPhases = (
				B7CEE4B12819D1A800C652BD /* Sources */,
				B7CEE4B22819D1A800C652BD /* Frameworks */,
				B7CEE4B32819D1A800C652BD /* Resources */,
			);
			buildRules = (
			);
			dependencies = (
			);
			name = viewFactory;
			productName = viewFactory;
			productReference = B7CEE4B52819D1A800C652BD /* viewFactory.app */;
			productType = "com.apple.product-type.application";
		};
/* End PBXNativeTarget section */

/* Begin PBXProject section */
		B7CEE4AD2819D1A800C652BD /* Project object */ = {
			isa = PBXProject;
			attributes = {
				BuildIndependentTargetsInParallel = 1;
				LastSwiftUpdateCheck = 1300;
				LastUpgradeCheck = 1300;
				TargetAttributes = {
					B7CEE4B42819D1A800C652BD = {
						CreatedOnToolsVersion = 13.0;
					};
				};
			};
			buildConfigurationList = B7CEE4B02819D1A800C652BD /* Build configuration list for PBXProject "viewFactory" */;
			compatibilityVersion = "Xcode 13.0";
			developmentRegion = en;
			hasScannedForEncodings = 0;
			knownRegions = (
				en,
				Base,
			);
			mainGroup = B7CEE4AC2819D1A800C652BD;
			productRefGroup = B7CEE4B62819D1A800C652BD /* Products */;
			projectDirPath = "";
			projectRoot = "";
			targets = (
				B7CEE4B42819D1A800C652BD /* viewFactory */,
			);
		};
/* End PBXProject section */

/* Begin PBXResourcesBuildPhase section */
		B7CEE4B32819D1A800C652BD /* Resources */ = {
			isa = PBXResourcesBuildPhase;
			buildActionMask = 2147483647;
			files = (
				B7CEE4C52819D1AB00C652BD /* LaunchScreen.storyboard in Resources */,
				B7CEE4C22819D1AB00C652BD /* Assets.xcassets in Resources */,
				B7CEE4C02819D1A800C652BD /* Main.storyboard in Resources */,
			);
			runOnlyForDeploymentPostprocessing = 0;
		};
/* End PBXResourcesBuildPhase section */

/* Begin PBXSourcesBuildPhase section */
		B7CEE4B12819D1A800C652BD /* Sources */ = {
			isa = PBXSourcesBuildPhase;
			buildActionMask = 2147483647;
			files = (
				B76EC3E52819EC0B0042C8C9 /* TemplateView.swift in Sources */,
				4DE6709A28E48AAB0048B96D /* UIStackViewExtension.swift in Sources */,
				B76EC3E72819F0B50042C8C9 /* ViewControllerPreview.swift in Sources */,
				B7CEE4BD2819D1A800C652BD /* ViewController.swift in Sources */,
				B7CEE4B92819D1A800C652BD /* AppDelegate.swift in Sources */,
				B7CEE4BB2819D1A800C652BD /* SceneDelegate.swift in Sources */,
				B76EC3E92819F5540042C8C9 /* ViewPreview.swift in Sources */,
				4DE6709C28E48F040048B96D /* UILabelExtension.swift in Sources */,
				4DE6709828E484CF0048B96D /* SideIconTitleAndDescriptionView.swift in Sources */,
			);
			runOnlyForDeploymentPostprocessing = 0;
		};
/* End PBXSourcesBuildPhase section */

/* Begin PBXVariantGroup section */
		B7CEE4BE2819D1A800C652BD /* Main.storyboard */ = {
			isa = PBXVariantGroup;
			children = (
				B7CEE4BF2819D1A800C652BD /* Base */,
			);
			name = Main.storyboard;
			sourceTree = "<group>";
		};
		B7CEE4C32819D1AB00C652BD /* LaunchScreen.storyboard */ = {
			isa = PBXVariantGroup;
			children = (
				B7CEE4C42819D1AB00C652BD /* Base */,
			);
			name = LaunchScreen.storyboard;
			sourceTree = "<group>";
		};
/* End PBXVariantGroup section */

/* Begin XCBuildConfiguration section */
		B7CEE4C72819D1AB00C652BD /* Debug */ = {
			isa = XCBuildConfiguration;
			buildSettings = {
				ALWAYS_SEARCH_USER_PATHS = NO;
				CLANG_ANALYZER_NONNULL = YES;
				CLANG_ANALYZER_NUMBER_OBJECT_CONVERSION = YES_AGGRESSIVE;
				CLANG_CXX_LANGUAGE_STANDARD = "gnu++17";
				CLANG_CXX_LIBRARY = "libc++";
				CLANG_ENABLE_MODULES = YES;
				CLANG_ENABLE_OBJC_ARC = YES;
				CLANG_ENABLE_OBJC_WEAK = YES;
				CLANG_WARN_BLOCK_CAPTURE_AUTORELEASING = YES;
				CLANG_WARN_BOOL_CONVERSION = YES;
				CLANG_WARN_COMMA = YES;
				CLANG_WARN_CONSTANT_CONVERSION = YES;
				CLANG_WARN_DEPRECATED_OBJC_IMPLEMENTATIONS = YES;
				CLANG_WARN_DIRECT_OBJC_ISA_USAGE = YES_ERROR;
				CLANG_WARN_DOCUMENTATION_COMMENTS = YES;
				CLANG_WARN_EMPTY_BODY = YES;
				CLANG_WARN_ENUM_CONVERSION = YES;
				CLANG_WARN_INFINITE_RECURSION = YES;
				CLANG_WARN_INT_CONVERSION = YES;
				CLANG_WARN_NON_LITERAL_NULL_CONVERSION = YES;
				CLANG_WARN_OBJC_IMPLICIT_RETAIN_SELF = YES;
				CLANG_WARN_OBJC_LITERAL_CONVERSION = YES;
				CLANG_WARN_OBJC_ROOT_CLASS = YES_ERROR;
				CLANG_WARN_QUOTED_INCLUDE_IN_FRAMEWORK_HEADER = YES;
				CLANG_WARN_RANGE_LOOP_ANALYSIS = YES;
				CLANG_WARN_STRICT_PROTOTYPES = YES;
				CLANG_WARN_SUSPICIOUS_MOVE = YES;
				CLANG_WARN_UNGUARDED_AVAILABILITY = YES_AGGRESSIVE;
				CLANG_WARN_UNREACHABLE_CODE = YES;
				CLANG_WARN__DUPLICATE_METHOD_MATCH = YES;
				COPY_PHASE_STRIP = NO;
				DEBUG_INFORMATION_FORMAT = dwarf;
				ENABLE_STRICT_OBJC_MSGSEND = YES;
				ENABLE_TESTABILITY = YES;
				GCC_C_LANGUAGE_STANDARD = gnu11;
				GCC_DYNAMIC_NO_PIC = NO;
				GCC_NO_COMMON_BLOCKS = YES;
				GCC_OPTIMIZATION_LEVEL = 0;
				GCC_PREPROCESSOR_DEFINITIONS = (
					"DEBUG=1",
					"$(inherited)",
				);
				GCC_WARN_64_TO_32_BIT_CONVERSION = YES;
				GCC_WARN_ABOUT_RETURN_TYPE = YES_ERROR;
				GCC_WARN_UNDECLARED_SELECTOR = YES;
				GCC_WARN_UNINITIALIZED_AUTOS = YES_AGGRESSIVE;
				GCC_WARN_UNUSED_FUNCTION = YES;
				GCC_WARN_UNUSED_VARIABLE = YES;
				IPHONEOS_DEPLOYMENT_TARGET = 15.0;
				MTL_ENABLE_DEBUG_INFO = INCLUDE_SOURCE;
				MTL_FAST_MATH = YES;
				ONLY_ACTIVE_ARCH = YES;
				SDKROOT = iphoneos;
				SWIFT_ACTIVE_COMPILATION_CONDITIONS = DEBUG;
				SWIFT_OPTIMIZATION_LEVEL = "-Onone";
			};
			name = Debug;
		};
		B7CEE4C82819D1AB00C652BD /* Release */ = {
			isa = XCBuildConfiguration;
			buildSettings = {
				ALWAYS_SEARCH_USER_PATHS = NO;
				CLANG_ANALYZER_NONNULL = YES;
				CLANG_ANALYZER_NUMBER_OBJECT_CONVERSION = YES_AGGRESSIVE;
				CLANG_CXX_LANGUAGE_STANDARD = "gnu++17";
				CLANG_CXX_LIBRARY = "libc++";
				CLANG_ENABLE_MODULES = YES;
				CLANG_ENABLE_OBJC_ARC = YES;
				CLANG_ENABLE_OBJC_WEAK = YES;
				CLANG_WARN_BLOCK_CAPTURE_AUTORELEASING = YES;
				CLANG_WARN_BOOL_CONVERSION = YES;
				CLANG_WARN_COMMA = YES;
				CLANG_WARN_CONSTANT_CONVERSION = YES;
				CLANG_WARN_DEPRECATED_OBJC_IMPLEMENTATIONS = YES;
				CLANG_WARN_DIRECT_OBJC_ISA_USAGE = YES_ERROR;
				CLANG_WARN_DOCUMENTATION_COMMENTS = YES;
				CLANG_WARN_EMPTY_BODY = YES;
				CLANG_WARN_ENUM_CONVERSION = YES;
				CLANG_WARN_INFINITE_RECURSION = YES;
				CLANG_WARN_INT_CONVERSION = YES;
				CLANG_WARN_NON_LITERAL_NULL_CONVERSION = YES;
				CLANG_WARN_OBJC_IMPLICIT_RETAIN_SELF = YES;
				CLANG_WARN_OBJC_LITERAL_CONVERSION = YES;
				CLANG_WARN_OBJC_ROOT_CLASS = YES_ERROR;
				CLANG_WARN_QUOTED_INCLUDE_IN_FRAMEWORK_HEADER = YES;
				CLANG_WARN_RANGE_LOOP_ANALYSIS = YES;
				CLANG_WARN_STRICT_PROTOTYPES = YES;
				CLANG_WARN_SUSPICIOUS_MOVE = YES;
				CLANG_WARN_UNGUARDED_AVAILABILITY = YES_AGGRESSIVE;
				CLANG_WARN_UNREACHABLE_CODE = YES;
				CLANG_WARN__DUPLICATE_METHOD_MATCH = YES;
				COPY_PHASE_STRIP = NO;
				DEBUG_INFORMATION_FORMAT = "dwarf-with-dsym";
				ENABLE_NS_ASSERTIONS = NO;
				ENABLE_STRICT_OBJC_MSGSEND = YES;
				GCC_C_LANGUAGE_STANDARD = gnu11;
				GCC_NO_COMMON_BLOCKS = YES;
				GCC_WARN_64_TO_32_BIT_CONVERSION = YES;
				GCC_WARN_ABOUT_RETURN_TYPE = YES_ERROR;
				GCC_WARN_UNDECLARED_SELECTOR = YES;
				GCC_WARN_UNINITIALIZED_AUTOS = YES_AGGRESSIVE;
				GCC_WARN_UNUSED_FUNCTION = YES;
				GCC_WARN_UNUSED_VARIABLE = YES;
				IPHONEOS_DEPLOYMENT_TARGET = 15.0;
				MTL_ENABLE_DEBUG_INFO = NO;
				MTL_FAST_MATH = YES;
				SDKROOT = iphoneos;
				SWIFT_COMPILATION_MODE = wholemodule;
				SWIFT_OPTIMIZATION_LEVEL = "-O";
				VALIDATE_PRODUCT = YES;
			};
			name = Release;
		};
		B7CEE4CA2819D1AB00C652BD /* Debug */ = {
			isa = XCBuildConfiguration;
			buildSettings = {
				ASSETCATALOG_COMPILER_APPICON_NAME = AppIcon;
				ASSETCATALOG_COMPILER_GLOBAL_ACCENT_COLOR_NAME = AccentColor;
				CODE_SIGN_STYLE = Automatic;
				CURRENT_PROJECT_VERSION = 1;
				DEVELOPMENT_TEAM = 9QCEA3X339;
				GENERATE_INFOPLIST_FILE = YES;
				INFOPLIST_FILE = viewFactory/Info.plist;
				INFOPLIST_KEY_UIApplicationSupportsIndirectInputEvents = YES;
				INFOPLIST_KEY_UILaunchStoryboardName = LaunchScreen;
				INFOPLIST_KEY_UIMainStoryboardFile = Main;
				INFOPLIST_KEY_UISupportedInterfaceOrientations_iPad = "UIInterfaceOrientationPortrait UIInterfaceOrientationPortraitUpsideDown UIInterfaceOrientationLandscapeLeft UIInterfaceOrientationLandscapeRight";
				INFOPLIST_KEY_UISupportedInterfaceOrientations_iPhone = "UIInterfaceOrientationPortrait UIInterfaceOrientationLandscapeLeft UIInterfaceOrientationLandscapeRight";
				LD_RUNPATH_SEARCH_PATHS = (
					"$(inherited)",
					"@executable_path/Frameworks",
				);
				MARKETING_VERSION = 1.0;
				PRODUCT_BUNDLE_IDENTIFIER = com.viewFactory;
				PRODUCT_NAME = "$(TARGET_NAME)";
				SWIFT_EMIT_LOC_STRINGS = YES;
				SWIFT_VERSION = 5.0;
				TARGETED_DEVICE_FAMILY = "1,2";
			};
			name = Debug;
		};
		B7CEE4CB2819D1AB00C652BD /* Release */ = {
			isa = XCBuildConfiguration;
			buildSettings = {
				ASSETCATALOG_COMPILER_APPICON_NAME = AppIcon;
				ASSETCATALOG_COMPILER_GLOBAL_ACCENT_COLOR_NAME = AccentColor;
				CODE_SIGN_STYLE = Automatic;
				CURRENT_PROJECT_VERSION = 1;
				DEVELOPMENT_TEAM = 9QCEA3X339;
				GENERATE_INFOPLIST_FILE = YES;
				INFOPLIST_FILE = viewFactory/Info.plist;
				INFOPLIST_KEY_UIApplicationSupportsIndirectInputEvents = YES;
				INFOPLIST_KEY_UILaunchStoryboardName = LaunchScreen;
				INFOPLIST_KEY_UIMainStoryboardFile = Main;
				INFOPLIST_KEY_UISupportedInterfaceOrientations_iPad = "UIInterfaceOrientationPortrait UIInterfaceOrientationPortraitUpsideDown UIInterfaceOrientationLandscapeLeft UIInterfaceOrientationLandscapeRight";
				INFOPLIST_KEY_UISupportedInterfaceOrientations_iPhone = "UIInterfaceOrientationPortrait UIInterfaceOrientationLandscapeLeft UIInterfaceOrientationLandscapeRight";
				LD_RUNPATH_SEARCH_PATHS = (
					"$(inherited)",
					"@executable_path/Frameworks",
				);
				MARKETING_VERSION = 1.0;
				PRODUCT_BUNDLE_IDENTIFIER = com.viewFactory;
				PRODUCT_NAME = "$(TARGET_NAME)";
				SWIFT_EMIT_LOC_STRINGS = YES;
				SWIFT_VERSION = 5.0;
				TARGETED_DEVICE_FAMILY = "1,2";
			};
			name = Release;
		};
/* End XCBuildConfiguration section */

/* Begin XCConfigurationList section */
		B7CEE4B02819D1A800C652BD /* Build configuration list for PBXProject "viewFactory" */ = {
			isa = XCConfigurationList;
			buildConfigurations = (
				B7CEE4C72819D1AB00C652BD /* Debug */,
				B7CEE4C82819D1AB00C652BD /* Release */,
			);
			defaultConfigurationIsVisible = 0;
			defaultConfigurationName = Release;
		};
		B7CEE4C92819D1AB00C652BD /* Build configuration list for PBXNativeTarget "viewFactory" */ = {
			isa = XCConfigurationList;
			buildConfigurations = (
				B7CEE4CA2819D1AB00C652BD /* Debug */,
				B7CEE4CB2819D1AB00C652BD /* Release */,
			);
			defaultConfigurationIsVisible = 0;
			defaultConfigurationName = Release;
		};
/* End XCConfigurationList section */
	};
	rootObject = B7CEE4AD2819D1A800C652BD /* Project object */;
}
